{
  "nodes": {
    "bun2nix": {
      "inputs": {
        "flake-parts": [
          "dev-workspace",
          "llm-agents",
          "flake-parts"
        ],
        "nixpkgs": [
          "dev-workspace",
          "llm-agents",
          "nixpkgs"
        ],
        "systems": [
          "dev-workspace",
          "llm-agents",
          "systems"
        ],
        "treefmt-nix": [
          "dev-workspace",
          "llm-agents",
          "treefmt-nix"
        ]
      },
      "locked": {
        "lastModified": 1790001035,
        "narHash": "sha256-1/SLBjSYBzDdDhvLQ83wrzBakyS/xNGgtxHGNuveOEQ=",
        "owner": "Mic92",
        "repo": "bun2nix",
        "rev": "07a5bfc8ac36c5370199343fa620b69f63186e33",
        "type": "github"
      },
      "original": {
        "owner": "Mic92",
        "ref": "llm-agents",
        "repo": "bun2nix",
        "type": "github"
      }
    },
    "codex-web": {
      "flake": false,
      "locked": {
        "lastModified": 1791144036,
        "narHash": "sha256-tsVai0aKhc5oStiZHNtHhocXg8nhjib2X21e+KjzyjY=",
        "owner": "aither64",
        "repo": "codex-web",
        "rev": "3d07cf60cfde5d117a181a9bdb6d90a5860f6f0c",
        "type": "github"
      },
      "original": {
        "owner": "aither64",
        "repo": "codex-web",
        "rev": "3d07cf60cfde5d117a181a9bdb6d90a5860f6f0c",
        "type": "github"
      }
    },
    "dev-workspace": {
      "inputs": {
        "codex-web": "codex-web",
        "llm-agents": "llm-agents",
        "nixpkgs": "nixpkgs_2"
      },
      "locked": {
        "lastModified": 1791664716,
        "narHash": "sha256-DxSnPUFm1TVygN+YFrLhofzDf5I2XCDXPu+4O4U3WPU=",
        "owner": "aither64",
        "repo": "dev-workspace",
        "rev": "91c47ad2d6205b6c3275701855bffed190c51323",
        "type": "github"
      },
      "original": {
        "owner": "aither64",
        "repo": "dev-workspace",
        "rev": "91c47ad2d6205b6c3275701855bffed190c51323",
        "type": "github"
      }
    },
    "devcluster-vpsadmin": {
      "inputs": {
        "nixpkgs": [
          "devcluster-vpsadmin",
          "vpsadminos",
          "nixpkgs"
        ],
        "vpsadminos": [
          "devcluster-vpsadminos"
        ]
      },
      "locked": {
        "lastModified": 1790686487,
        "narHash": "sha256-R8Fi7PyyMGsdx8804NLNng/RWkJ1Io9si43N9ClUm18=",
        "owner": "vpsfreecz",
        "repo": "vpsadmin",
        "rev": "5c76e3290481b297dcd0baa76d246133f0353d8f",
        "type": "github"
      },
      "original": {
        "owner": "vpsfreecz",
        "repo": "vpsadmin",
        "rev": "5c76e3290481b297dcd0baa76d246133f0353d8f",
        "type": "github"
      }
    },
    "devcluster-vpsadminWebui": {
      "inputs": {
        "nixpkgs": [
          "devcluster-vpsadminos",
          "nixpkgs"
        ],
        "vpsadmin": [
          "devcluster-vpsadmin"
        ]
      },
      "locked": {
        "lastModified": 1790685797,
        "narHash": "sha256-/lP+kojPzRPQiiBbuHZB6zNG86+1TySxWmHOBS7hWgo=",
        "owner": "vpsfreecz",
        "repo": "vpsadmin-webui",
        "rev": "534caa83a5f97d2b40b4a126886649b14dc9e8d3",
        "type": "github"
      },
      "original": {
        "owner": "vpsfreecz",
        "repo": "vpsadmin-webui",
        "rev": "534caa83a5f97d2b40b4a126886649b14dc9e8d3",
        "type": "github"
      }
    },
    "devcluster-vpsadminos": {
      "inputs": {
        "impermanence": "impermanence",
        "netlinkrb": "netlinkrb",
        "nixpkgs": "nixpkgs_4",
        "nixpkgsUnstable": "nixpkgsUnstable",
        "ruby-lxc": "ruby-lxc"
      },
      "locked": {
        "lastModified": 1789205372,
        "narHash": "sha256-fbKoi1+fQOAduD7cE1gnYtPQfoqK6VnbThnoDIOmlrw=",
        "owner": "vpsfreecz",
        "repo": "vpsadminos",
        "rev": "15802517e2d92dda4ddc07ebac3d1d7ea087b430",
        "type": "github"
      },
      "original": {
        "owner": "vpsfreecz",
        "repo": "vpsadminos",
        "rev": "15802517e2d92dda4ddc07ebac3d1d7ea087b430",
        "type": "github"
      }
    },
    "devcluster-vpsf-status": {
      "inputs": {
        "nixpkgs": [
          "devcluster-vpsadminos",
          "nixpkgs"
        ],
        "vpsadmin": [
          "devcluster-vpsadmin"
        ],
        "vpsadminos": [
          "devcluster-vpsadminos"
        ]
      },
      "locked": {
        "lastModified": 1788260265,
        "narHash": "sha256-4iun0P87K5kKG2vYi6Beio/1iWlHmNYFjD8Hlg2qGgk=",
        "owner": "vpsfreecz",
        "repo": "vpsf-status",
        "rev": "587cd65bb02e6dddea7f6b6409e42a15f36ab4fb",
        "type": "github"
      },
      "original": {
        "owner": "vpsfreecz",
        "ref": "master",
        "repo": "vpsf-status",
        "type": "github"
      }
    },
    "flake-parts": {
      "inputs": {
        "nixpkgs-lib": [
          "dev-workspace",
          "llm-agents",
          "nixpkgs"
        ]
      },
      "locked": {
        "lastModified": 1788450739,
        "narHash": "sha256-glZLQlzIn1fXH6PazR2iUmTo7kzzyYSshrWhLS9TqCU=",
        "owner": "hercules-ci",
        "repo": "flake-parts",
        "rev": "31729ca8cbdb4fa927b34e5f4353e6a83f39e993",
        "type": "github"
      },
      "original": {
        "owner": "hercules-ci",
        "repo": "flake-parts",
        "type": "github"
      }
    },
    "home-manager": {
      "inputs": {
        "nixpkgs": [
          "devcluster-vpsadminos",
          "impermanence",
          "nixpkgs"
        ]
      },
      "locked": {
        "lastModified": 1768598210,
        "narHash": "sha256-kkgA32s/f4jaa4UG+2f8C225Qvclxnqs76mf8zvTVPg=",
        "owner": "nix-community",
        "repo": "home-manager",
        "rev": "c47b2cc64a629f8e075de52e4742de688f930dc6",
        "type": "github"
      },
      "original": {
        "owner": "nix-community",
        "repo": "home-manager",
        "type": "github"
      }
    },
    "home-manager_2": {
      "inputs": {
        "nixpkgs": [
          "kb-runtime",
          "vpsadmin",
          "vpsadminos",
          "impermanence",
          "nixpkgs"
        ]
      },
      "locked": {
        "lastModified": 1768598210,
        "narHash": "sha256-kkgA32s/f4jaa4UG+2f8C225Qvclxnqs76mf8zvTVPg=",
        "owner": "nix-community",
        "repo": "home-manager",
        "rev": "c47b2cc64a629f8e075de52e4742de688f930dc6",
        "type": "github"
      },
      "original": {
        "owner": "nix-community",
        "repo": "home-manager",
        "type": "github"
      }
    },
    "impermanence": {
      "inputs": {
        "home-manager": "home-manager",
        "nixpkgs": "nixpkgs_3"
      },
      "locked": {
        "lastModified": 1769548169,
        "narHash": "sha256-03+JxvzmfwRu+5JafM0DLbxgHttOQZkUtDWBmeUkN8Y=",
        "owner": "nix-community",
        "repo": "impermanence",
        "rev": "7b1d382faf603b6d264f58627330f9faa5cba149",
        "type": "github"
      },
      "original": {
        "owner": "nix-community",
        "repo": "impermanence",
        "type": "github"
      }
    },
    "impermanence_2": {
      "inputs": {
        "home-manager": "home-manager_2",
        "nixpkgs": "nixpkgs_5"
      },
      "locked": {
        "lastModified": 1769548169,
        "narHash": "sha256-03+JxvzmfwRu+5JafM0DLbxgHttOQZkUtDWBmeUkN8Y=",
        "owner": "nix-community",
        "repo": "impermanence",
        "rev": "7b1d382faf603b6d264f58627330f9faa5cba149",
        "type": "github"
      },
      "original": {
        "owner": "nix-community",
        "repo": "impermanence",
        "type": "github"
      }
    },
    "kb-runtime": {
      "inputs": {
        "nixpkgs": [
          "kb-runtime",
          "vpsadminos",
          "nixpkgs"
        ],
        "toolsNixpkgs": "toolsNixpkgs",
        "vpsadmin": "vpsadmin",
        "vpsadminos": [
          "kb-runtime",
          "vpsadmin",
          "vpsadminos"
        ],
        "vpsfStatus": "vpsfStatus"
      },
      "locked": {
        "lastModified": 1791669362,
        "narHash": "sha256-IHzLIRu4zDsSVtAS41OkczIXrn2cdK+vmF4+xvQ775c=",
        "owner": "vpsfreecz",
        "repo": "vpsfree-kb-contracts",
        "rev": "22e2fb772f69ec1f5e32e3a8d314ab3ffb63d3cd",
        "type": "github"
      },
      "original": {
        "owner": "vpsfreecz",
        "repo": "vpsfree-kb-contracts",
        "rev": "22e2fb772f69ec1f5e32e3a8d314ab3ffb63d3cd",
        "type": "github"
      }
    },
    "llm-agents": {
      "inputs": {
        "bun2nix": "bun2nix",
        "flake-parts": "flake-parts",
        "nixpkgs": "nixpkgs",
        "systems": "systems",
        "treefmt-nix": "treefmt-nix"
      },
      "locked": {
        "lastModified": 1790893833,
        "narHash": "sha256-w2jmp0z4qTRKC4nlMG0okmRZgDZ2No0IlDL6Aef/tzI=",
        "owner": "numtide",
        "repo": "llm-agents.nix",
        "rev": "6334544a4bfd921086a252caccc6c1c6eb1d18c7",
        "type": "github"
      },
      "original": {
        "owner": "numtide",
        "repo": "llm-agents.nix",
        "type": "github"
      }
    },
    "netlinkrb": {
      "flake": false,
      "locked": {
        "lastModified": 1562850306,
        "narHash": "sha256-0bXTWUdUDr2XP+bEIfIbxXap8Niva/IoPXTxFeXXImg=",
        "owner": "vpsfreecz",
        "repo": "netlinkrb",
        "rev": "d9de53d843d2586ffa5b7b404887fa801c697ddf",
        "type": "github"
      },
      "original": {
        "owner": "vpsfreecz",
        "repo": "netlinkrb",
        "type": "github"
      }
    },
    "netlinkrb_2": {
      "flake": false,
      "locked": {
        "lastModified": 1562850306,
        "narHash": "sha256-0bXTWUdUDr2XP+bEIfIbxXap8Niva/IoPXTxFeXXImg=",
        "owner": "vpsfreecz",
        "repo": "netlinkrb",
        "rev": "d9de53d843d2586ffa5b7b404887fa801c697ddf",
        "type": "github"
      },
      "original": {
        "owner": "vpsfreecz",
        "repo": "netlinkrb",
        "type": "github"
      }
    },
    "nixpkgs": {
      "locked": {
        "lastModified": 1790600678,
        "narHash": "sha256-6k3n7X2UsZ6tAlWTz99RimiZab+17tMUrw9sRUcELiA=",
        "owner": "NixOS",
        "repo": "nixpkgs",
        "rev": "f45c6f04c2f013f004bf94e284e95d72898d9393",
        "type": "github"
      },
      "original": {
        "owner": "NixOS",
        "ref": "nixpkgs-unstable",
        "repo": "nixpkgs",
        "type": "github"
      }
    },
    "nixpkgsUnstable": {
      "locked": {
        "lastModified": 1789006805,
        "narHash": "sha256-xB8mKMOx1IA9vTDNLmJZ6n4wCMq/cuWBBOzGCRnqxrU=",
        "owner": "NixOS",
        "repo": "nixpkgs",
        "rev": "8ce4ef6cb6f871616146b9fe26d2a5ae594e94fe",
        "type": "github"
      },
      "original": {
        "owner": "NixOS",
        "ref": "nixos-unstable",
        "repo": "nixpkgs",
        "type": "github"
      }
    },
    "nixpkgsUnstable_2": {
      "locked": {
        "lastModified": 1788179007,
        "narHash": "sha256-hn1oU2rue2SYK8dAr8+WNZWtbsz1S2W5mnHlSEuh3bo=",
        "owner": "NixOS",
        "repo": "nixpkgs",
        "rev": "34ab99075ac4f7e40cf037eef32cb1c360bb85e9",
        "type": "github"
      },
      "original": {
        "owner": "NixOS",
        "ref": "nixos-unstable",
        "repo": "nixpkgs",
        "type": "github"
      }
    },
    "nixpkgs_2": {
      "locked": {
        "lastModified": 1788405554,
        "narHash": "sha256-r2f1oUwixlgq9zOdYLqJLfS/lWBT60/IITjhTKI59JU=",
        "owner": "NixOS",
        "repo": "nixpkgs",
        "rev": "a5cc6f2c37bf518436dc8d1c288ccd0c43c2f4c4",
        "type": "github"
      },
      "original": {
        "owner": "NixOS",
        "ref": "nixos-26.05",
        "repo": "nixpkgs",
        "type": "github"
      }
    },
    "nixpkgs_3": {
      "locked": {
        "lastModified": 1768564909,
        "narHash": "sha256-Kell/SpJYVkHWMvnhqJz/8DqQg2b6PguxVWOuadbHCc=",
        "owner": "nixos",
        "repo": "nixpkgs",
        "rev": "e4bae1bd10c9c57b2cf517953ab70060a828ee6f",
        "type": "github"
      },
      "original": {
        "owner": "nixos",
        "ref": "nixos-unstable",
        "repo": "nixpkgs",
        "type": "github"
      }
    },
    "nixpkgs_4": {
      "locked": {
        "lastModified": 1789114715,
        "narHash": "sha256-ugpsyk3NM2s87vXfUiIIiibbJ4Pp0JPS5p/3mfs+q+c=",
        "owner": "NixOS",
        "repo": "nixpkgs",
        "rev": "21a67dc470149f337cecafbe965d8d252a390518",
        "type": "github"
      },
      "original": {
        "owner": "NixOS",
        "ref": "nixos-26.05",
        "repo": "nixpkgs",
        "type": "github"
      }
    },
    "nixpkgs_5": {
      "locked": {
        "lastModified": 1768564909,
        "narHash": "sha256-Kell/SpJYVkHWMvnhqJz/8DqQg2b6PguxVWOuadbHCc=",
        "owner": "nixos",
        "repo": "nixpkgs",
        "rev": "e4bae1bd10c9c57b2cf517953ab70060a828ee6f",
        "type": "github"
      },
      "original": {
        "owner": "nixos",
        "ref": "nixos-unstable",
        "repo": "nixpkgs",
        "type": "github"
      }
    },
    "nixpkgs_6": {
      "locked": {
        "lastModified": 1788187754,
        "narHash": "sha256-bu1QxmXKmPuvBLN7bHP355OV9Qo13x9WCiRDH62CqRM=",
        "owner": "NixOS",
        "repo": "nixpkgs",
        "rev": "5dfba6236110080a54247d6460bc2ff5dda939cc",
        "type": "github"
      },
      "original": {
        "owner": "NixOS",
        "ref": "nixos-26.05",
        "repo": "nixpkgs",
        "type": "github"
      }
    },
    "nixpkgs_7": {
      "locked": {
        "lastModified": 1789009968,
        "narHash": "sha256-GB16oaxpsrnGNnGIE+0uYBqMRzB9X6FYDUvjvnJAYew=",
        "owner": "NixOS",
        "repo": "nixpkgs",
        "rev": "d58a46e3bc02d91ebe04667f8397752a749c0024",
        "type": "github"
      },
      "original": {
        "owner": "NixOS",
        "ref": "nixos-26.05",
        "repo": "nixpkgs",
        "type": "github"
      }
    },
    "root": {
      "inputs": {
        "dev-workspace": "dev-workspace",
        "devcluster-vpsadmin": "devcluster-vpsadmin",
        "devcluster-vpsadminWebui": "devcluster-vpsadminWebui",
        "devcluster-vpsadminos": "devcluster-vpsadminos",
        "devcluster-vpsf-status": "devcluster-vpsf-status",
        "kb-runtime": "kb-runtime",
        "nixpkgs": "nixpkgs_7"
      }
    },
    "ruby-lxc": {
      "flake": false,
      "locked": {
        "lastModified": 1780499941,
        "narHash": "sha256-guAdOSP9MyCL3BQ1LGXAhcCoXgEU1fUE69d2ATMqUGE=",
        "owner": "vpsfreecz",
        "repo": "ruby-lxc",
        "rev": "004bf35eb90d41ba60b347b5b1e73d868a4f95d9",
        "type": "github"
      },
      "original": {
        "owner": "vpsfreecz",
        "ref": "2026-06-03-nixos-26-05-port",
        "repo": "ruby-lxc",
        "type": "github"
      }
    },
    "ruby-lxc_2": {
      "flake": false,
      "locked": {
        "lastModified": 1780499941,
        "narHash": "sha256-guAdOSP9MyCL3BQ1LGXAhcCoXgEU1fUE69d2ATMqUGE=",
        "owner": "vpsfreecz",
        "repo": "ruby-lxc",
        "rev": "004bf35eb90d41ba60b347b5b1e73d868a4f95d9",
        "type": "github"
      },
      "original": {
        "owner": "vpsfreecz",
        "ref": "2026-06-03-nixos-26-05-port",
        "repo": "ruby-lxc",
        "type": "github"
      }
    },
    "systems": {
      "locked": {
        "lastModified": 1681028828,
        "narHash": "sha256-Vy1rq5AaRuLzOxct8nz4T6wlgyUR7zLU309k9mBC768=",
        "owner": "nix-systems",
        "repo": "default",
        "rev": "da67096a3b9bf56a91d16901293e51ba5b49a27e",
        "type": "github"
      },
      "original": {
        "owner": "nix-systems",
        "repo": "default",
        "type": "github"
      }
    },
    "toolsNixpkgs": {
      "locked": {
        "lastModified": 1783522502,
        "narHash": "sha256-iffAls3iaNTyJC2faYcUXSI+Gp02cDjYl+MygxKl2GI=",
        "owner": "NixOS",
        "repo": "nixpkgs",
        "rev": "0bb7ec54c8483066ec9d7720e780a5caa71f8612",
        "type": "github"
      },
      "original": {
        "owner": "NixOS",
        "ref": "nixos-unstable",
        "repo": "nixpkgs",
        "type": "github"
      }
    },
    "treefmt-nix": {
      "inputs": {
        "nixpkgs": [
          "dev-workspace",
          "llm-agents",
          "nixpkgs"
        ]
      },
      "locked": {
        "lastModified": 1786901030,
        "narHash": "sha256-WSFCsDSE5ffgD2MqzkM2CYjeFiKhRF/dJUN8uedb6YE=",
        "owner": "numtide",
        "repo": "treefmt-nix",
        "rev": "27b3b12a8e6375f28ebe122f07d230ca5459bbfa",
        "type": "github"
      },
      "original": {
        "owner": "numtide",
        "repo": "treefmt-nix",
        "type": "github"
      }
    },
    "vpsadmin": {
      "inputs": {
        "nixpkgs": [
          "kb-runtime",
          "vpsadmin",
          "vpsadminos",
          "nixpkgs"
        ],
        "vpsadminos": "vpsadminos"
      },
      "locked": {
        "lastModified": 1791482446,
        "narHash": "sha256-i0nxaLQrpbzgX/6hUFQgPaCjI3qTMz8y6Msnfk+HFzY=",
        "owner": "vpsfreecz",
        "repo": "vpsadmin",
        "rev": "ebe4fab3d50a51bda1f94014ca95c73ba2a967a8",
        "type": "github"
      },
      "original": {
        "owner": "vpsfreecz",
        "repo": "vpsadmin",
        "rev": "ebe4fab3d50a51bda1f94014ca95c73ba2a967a8",
        "type": "github"
      }
    },
    "vpsadminos": {
      "inputs": {
        "impermanence": "impermanence_2",
        "netlinkrb": "netlinkrb_2",
        "nixpkgs": "nixpkgs_6",
        "nixpkgsUnstable": "nixpkgsUnstable_2",
        "ruby-lxc": "ruby-lxc_2"
      },
      "locked": {
        "lastModified": 1788379445,
        "narHash": "sha256-mDLxNpbfUmo2FRXW5MJWJ8WqKLINUru6nVHB7zN4bVo=",
        "owner": "vpsfreecz",
        "repo": "vpsadminos",
        "rev": "6bdf458fd9105379860234ff33d352e55844f08f",
        "type": "github"
      },
      "original": {
        "owner": "vpsfreecz",
        "repo": "vpsadminos",
        "rev": "6bdf458fd9105379860234ff33d352e55844f08f",
        "type": "github"
      }
    },
    "vpsfStatus": {
      "inputs": {
        "nixpkgs": [
          "kb-runtime",
          "nixpkgs"
        ],
        "vpsadmin": [
          "kb-runtime",
          "vpsadmin"
        ],
        "vpsadminos": [
          "kb-runtime",
          "vpsadminos"
        ]
      },
      "locked": {
        "lastModified": 1783669700,
        "narHash": "sha256-fiaFXRCldKuaiEFNO+TSvzrgYOCW8xOsEjDRND97Pss=",
        "owner": "vpsfreecz",
        "repo": "vpsf-status",
        "rev": "29853c364e2fa072152d2de4f17e57f1e802b9f3",
        "type": "github"
      },
      "original": {
        "owner": "vpsfreecz",
        "ref": "master",
        "repo": "vpsf-status",
        "type": "github"
      }
    }
  },
  "root": "root",
  "version": 7
}
